<?xml version="1.0" encoding="utf-8"?>
<Project ToolsVersion="4.0" xmlns="http://schemas.microsoft.com/developer/msbuild/2003">
  <ItemGroup>
    <Filter Include="Исходные файлы">
      <UniqueIdentifier>{4FC737F1-C7A5-4376-A066-2A32D752A2FF}</UniqueIdentifier>
      <Extensions>cpp;c;cc;cxx;def;odl;idl;hpj;bat;asm;asmx</Extensions>
    </Filter>
    <Filter Include="Файлы заголовков">
      <UniqueIdentifier>{93995380-89BD-4b04-88EB-625FBE52EBFB}</UniqueIdentifier>
      <Extensions>h;hh;hpp;hxx;hm;inl;inc;xsd</Extensions>
    </Filter>
    <Filter Include="Файлы ресурсов">
      <UniqueIdentifier>{67DA6AB6-F800-4c08-8B7A-83BB121AAD01}</UniqueIdentifier>
      <Extensions>rc;ico;cur;bmp;dlg;rc2;rct;bin;rgs;gif;jpg;jpeg;jpe;resx;tiff;tif;png;wav;mfcribbon-ms</Extensions>
    </Filter>
    <Filter Include="Файлы заголовков\Animation">
      <UniqueIdentifier>{307dd219-0d18-427f-b187-655eda533856}</UniqueIdentifier>
    </Filter>
    <Filter Include="Исходные файлы\Audio">
      <UniqueIdentifier>{da51150f-7ce6-4e50-ac3d-32621c6ed793}</UniqueIdentifier>
    </Filter>
    <Filter Include="Файлы заголовков\Audio">
      <UniqueIdentifier>{8a81f019-3fea-4c1f-84e5-e77ab504260d}</UniqueIdentifier>
    </Filter>
    <Filter Include="Файлы заголовков\Common">
      <UniqueIdentifier>{217f232e-98f7-40b6-93a0-e52aa08d2af7}</UniqueIdentifier>
    </Filter>
    <Filter Include="Файлы заголовков\Core">
      <UniqueIdentifier>{23f1bff5-0e2a-49a8-b3c5-19d59f610e95}</UniqueIdentifier>
    </Filter>
    <Filter Include="Файлы заголовков\Graphics">
      <UniqueIdentifier>{197601aa-b086-4df4-9aac-ba14d200f240}</UniqueIdentifier>
    </Filter>
    <Filter Include="Файлы заголовков\GUI">
      <UniqueIdentifier>{01acaa1e-e574-47a0-9404-6707792d67de}</UniqueIdentifier>
    </Filter>
    <Filter Include="Файлы заголовков\Input">
      <UniqueIdentifier>{1aa8d723-3b14-41db-be5a-e8dd3c40f0dc}</UniqueIdentifier>
    </Filter>
    <Filter Include="Файлы заголовков\Math">
      <UniqueIdentifier>{4bc1c504-2e11-4b80-b190-4328cb211476}</UniqueIdentifier>
    </Filter>
    <Filter Include="Файлы заголовков\Scene">
      <UniqueIdentifier>{4ee1891e-433b-46b7-92df-8d96285b68f0}</UniqueIdentifier>
    </Filter>
    <Filter Include="Файлы заголовков\System">
      <UniqueIdentifier>{37947d64-5412-41e1-bb5c-eb0273851cc4}</UniqueIdentifier>
    </Filter>
    <Filter Include="Файлы заголовков\RenderAPIOpenGL">
      <UniqueIdentifier>{98a911d0-e9d7-4412-8d8f-cece0803e2c1}</UniqueIdentifier>
    </Filter>
    <Filter Include="Файлы заголовков\RenderAPI">
      <UniqueIdentifier>{51a2efae-36ca-40c2-b94d-5e388945591f}</UniqueIdentifier>
    </Filter>
    <Filter Include="Файлы заголовков\Physics">
      <UniqueIdentifier>{b0ab2dba-f065-4cf2-9446-790359a20c6a}</UniqueIdentifier>
    </Filter>
    <Filter Include="Файлы заголовков\Common\Cursor">
      <UniqueIdentifier>{5c7ebb2c-31b6-4af0-8230-be90b32b6de2}</UniqueIdentifier>
    </Filter>
    <Filter Include="Файлы заголовков\Common\Image">
      <UniqueIdentifier>{164bd87d-8f68-445d-8bd2-c171a4b3db87}</UniqueIdentifier>
    </Filter>
    <Filter Include="Файлы заголовков\Common\Model">
      <UniqueIdentifier>{05cf7ff6-d4ca-429a-9450-4160fe812415}</UniqueIdentifier>
    </Filter>
    <Filter Include="Файлы заголовков\Common\Sound">
      <UniqueIdentifier>{9ed07a69-31ab-42fe-8ac8-9024117c7622}</UniqueIdentifier>
    </Filter>
    <Filter Include="Файлы заголовков\Common\Noise">
      <UniqueIdentifier>{d199ace6-e7d4-4bb5-8d17-5da7eb0d3938}</UniqueIdentifier>
    </Filter>
    <Filter Include="Файлы заголовков\Common\Image\BMP">
      <UniqueIdentifier>{98525a1a-7d72-4f57-aff1-f4d429dc7ccc}</UniqueIdentifier>
    </Filter>
    <Filter Include="Файлы заголовков\Common\Image\DDS">
      <UniqueIdentifier>{d6962974-d971-468b-971d-b5b969c66b70}</UniqueIdentifier>
    </Filter>
    <Filter Include="Файлы заголовков\Common\Image\JPG">
      <UniqueIdentifier>{652ef6e4-2617-4940-9530-66152a0b8fd8}</UniqueIdentifier>
    </Filter>
    <Filter Include="Файлы заголовков\Common\Image\TGA">
      <UniqueIdentifier>{77a181b2-6082-4f54-8163-dfe4712160fc}</UniqueIdentifier>
    </Filter>
    <Filter Include="Файлы заголовков\Common\Image\TIF">
      <UniqueIdentifier>{a1806239-1df7-4938-a83c-45ddf2491af8}</UniqueIdentifier>
    </Filter>
    <Filter Include="Файлы заголовков\Common\Image\PNG">
      <UniqueIdentifier>{9d6a9e24-7e0b-413b-b523-826bd93ff353}</UniqueIdentifier>
    </Filter>
    <Filter Include="Файлы заголовков\Common\Sound\OGG">
      <UniqueIdentifier>{dba5f88e-f703-44c6-9002-6dbdb0bc38a7}</UniqueIdentifier>
    </Filter>
    <Filter Include="Файлы заголовков\Common\Sound\WAV">
      <UniqueIdentifier>{98451a05-5e69-4ce3-9df9-21dbc2170cf0}</UniqueIdentifier>
    </Filter>
    <Filter Include="Файлы заголовков\Graphics\OpenGL">
      <UniqueIdentifier>{eda59012-6789-432f-93f1-0c2091f818a1}</UniqueIdentifier>
    </Filter>
    <Filter Include="Файлы заголовков\Graphics\Particles">
      <UniqueIdentifier>{51823c6f-5a60-4661-9d7e-2144915e7d87}</UniqueIdentifier>
    </Filter>
    <Filter Include="Файлы заголовков\Graphics\Particles\Acceleration">
      <UniqueIdentifier>{e963896f-310c-44f4-b0c8-c615c1306473}</UniqueIdentifier>
    </Filter>
    <Filter Include="Файлы заголовков\Graphics\Particles\Color">
      <UniqueIdentifier>{36362529-7a3d-4378-b5bf-edf650ffe746}</UniqueIdentifier>
    </Filter>
    <Filter Include="Файлы заголовков\Graphics\Particles\Lifetime">
      <UniqueIdentifier>{c1b8d5a3-3524-445f-ad86-952e7a1dbfe9}</UniqueIdentifier>
    </Filter>
    <Filter Include="Файлы заголовков\Graphics\Particles\SubUV">
      <UniqueIdentifier>{6ad06c81-0952-4db0-83e5-32e7252ae42c}</UniqueIdentifier>
    </Filter>
    <Filter Include="Файлы заголовков\Graphics\Particles\Velocity">
      <UniqueIdentifier>{47b525f4-da8e-48e7-8532-fa0f77ce09b4}</UniqueIdentifier>
    </Filter>
    <Filter Include="Файлы заголовков\Graphics\Particles\Size">
      <UniqueIdentifier>{b842d39a-7c4e-464a-9092-81d533854ac3}</UniqueIdentifier>
    </Filter>
    <Filter Include="Файлы заголовков\Graphics\Particles\Rotation">
      <UniqueIdentifier>{703323bd-0c24-451d-be6d-ccf9bf0510a4}</UniqueIdentifier>
    </Filter>
    <Filter Include="Файлы заголовков\Graphics\Particles\Noise">
      <UniqueIdentifier>{56dc8a3e-72a0-4891-93c6-e4de7e60e152}</UniqueIdentifier>
    </Filter>
    <Filter Include="Файлы заголовков\Core\Containers">
      <UniqueIdentifier>{c4b260f9-5a54-4044-b9c1-21f03dfa0b61}</UniqueIdentifier>
    </Filter>
    <Filter Include="Файлы заголовков\Core\Linux">
      <UniqueIdentifier>{45da7224-f361-4672-9997-d7312f55e9a2}</UniqueIdentifier>
    </Filter>
    <Filter Include="Файлы заголовков\Core\Platform">
      <UniqueIdentifier>{95b3eb9e-f7b1-4bc8-a146-d8f9106bc285}</UniqueIdentifier>
    </Filter>
    <Filter Include="Файлы заголовков\Core\Windows">
      <UniqueIdentifier>{e17bd21f-4a4f-4692-9fc8-31361aa3d569}</UniqueIdentifier>
    </Filter>
    <Filter Include="Исходные файлы\Common">
      <UniqueIdentifier>{24d99c7e-4c94-4be1-846b-2422fc7111b9}</UniqueIdentifier>
    </Filter>
    <Filter Include="Исходные файлы\Core">
      <UniqueIdentifier>{3ad2f13d-3b9c-4277-90e2-f507bdb896d6}</UniqueIdentifier>
    </Filter>
    <Filter Include="Исходные файлы\Graphics">
      <UniqueIdentifier>{70a73fb6-1ce4-4ce5-83c2-b713888d489a}</UniqueIdentifier>
    </Filter>
    <Filter Include="Исходные файлы\GUI">
      <UniqueIdentifier>{da897f69-36fe-4050-80ad-454c0b38d767}</UniqueIdentifier>
    </Filter>
    <Filter Include="Исходные файлы\Input">
      <UniqueIdentifier>{9783e4d9-b382-462d-8718-8aaac1be5837}</UniqueIdentifier>
    </Filter>
    <Filter Include="Исходные файлы\System">
      <UniqueIdentifier>{30397825-a6b9-41ff-9455-33737a8b7510}</UniqueIdentifier>
    </Filter>
    <Filter Include="Исходные файлы\Scene">
      <UniqueIdentifier>{f3c0e0e4-1166-46df-8da1-584de40133f0}</UniqueIdentifier>
    </Filter>
    <Filter Include="Исходные файлы\RenderAPIOpenGL">
      <UniqueIdentifier>{6c92433f-6b17-4065-b5ce-f86bdd0b4fd8}</UniqueIdentifier>
    </Filter>
    <Filter Include="Исходные файлы\Physics">
      <UniqueIdentifier>{8ccc2f41-d10f-46c4-be34-c9740423c238}</UniqueIdentifier>
    </Filter>
    <Filter Include="Исходные файлы\Graphics\OpenGL">
      <UniqueIdentifier>{07e1174c-e3ed-4cec-995b-70ab7e50c448}</UniqueIdentifier>
    </Filter>
    <Filter Include="Исходные файлы\Graphics\Particles">
      <UniqueIdentifier>{12fe58d1-38cd-40f4-834c-d6a5c649685f}</UniqueIdentifier>
    </Filter>
    <Filter Include="Исходные файлы\Core\Windows">
      <UniqueIdentifier>{988c8026-4207-4818-a3cc-fc16f1c3a283}</UniqueIdentifier>
    </Filter>
    <Filter Include="Исходные файлы\Core\Platform">
      <UniqueIdentifier>{b10e3b35-46c3-42fe-b338-676e703842fc}</UniqueIdentifier>
    </Filter>
    <Filter Include="Исходные файлы\Common\Image">
      <UniqueIdentifier>{9d45e963-5b4b-49fc-a5b9-5c60a41009a8}</UniqueIdentifier>
    </Filter>
    <Filter Include="Исходные файлы\Common\Model">
      <UniqueIdentifier>{38f74ed0-f932-4c70-88d9-a1a449fca5e5}</UniqueIdentifier>
    </Filter>
    <Filter Include="Исходные файлы\Common\Sound">
      <UniqueIdentifier>{2668b1bf-49c2-4d72-89fd-d3ddeb16bce1}</UniqueIdentifier>
    </Filter>
    <Filter Include="Исходные файлы\Common\Sound\MP3">
      <UniqueIdentifier>{82d91b7e-3f71-4ae4-99b3-2a64f526c4d0}</UniqueIdentifier>
    </Filter>
    <Filter Include="Исходные файлы\Common\Sound\OGG">
      <UniqueIdentifier>{513b6656-d9bf-4d96-8fc5-12cd4135b736}</UniqueIdentifier>
    </Filter>
    <Filter Include="Исходные файлы\Common\Sound\WAV">
      <UniqueIdentifier>{b54856cf-0fc0-4c96-9e4f-a86b694ff7f3}</UniqueIdentifier>
    </Filter>
    <Filter Include="Исходные файлы\Common\Image\BMP">
      <UniqueIdentifier>{e1868019-ed24-4b13-92a1-79e1031b5785}</UniqueIdentifier>
    </Filter>
    <Filter Include="Исходные файлы\Common\Image\DDS">
      <UniqueIdentifier>{3059c237-7b9c-47f1-9d8d-e40f63e46767}</UniqueIdentifier>
    </Filter>
    <Filter Include="Исходные файлы\Common\Image\JPG">
      <UniqueIdentifier>{0720eb7f-b308-41c3-bd94-a5874e8fc06a}</UniqueIdentifier>
    </Filter>
    <Filter Include="Исходные файлы\Common\Image\PNG">
      <UniqueIdentifier>{58a9c820-c6cf-497a-b2bf-8552e661e5ea}</UniqueIdentifier>
    </Filter>
    <Filter Include="Исходные файлы\Common\Image\TIF">
      <UniqueIdentifier>{96c4984b-d0a3-4303-9d80-68cd0e65cf59}</UniqueIdentifier>
    </Filter>
    <Filter Include="Исходные файлы\Common\Image\TGA">
      <UniqueIdentifier>{32649822-b360-4694-81ab-4e871cda5513}</UniqueIdentifier>
    </Filter>
    <Filter Include="Файлы заголовков\Lib">
      <UniqueIdentifier>{90bf7d1c-cc23-439a-8634-6451d12a6696}</UniqueIdentifier>
    </Filter>
    <Filter Include="Файлы заголовков\Lib\TinyXML2">
      <UniqueIdentifier>{a0d0c73d-fc1c-479a-9364-f38f8965c482}</UniqueIdentifier>
    </Filter>
    <Filter Include="Исходные файлы\Lib">
      <UniqueIdentifier>{e21482a5-9032-42a6-aeb1-2f6810f0656b}</UniqueIdentifier>
    </Filter>
    <Filter Include="Исходные файлы\Lib\TinyXML2">
      <UniqueIdentifier>{9561a84e-2c59-4c5e-93be-b4b237ff78ff}</UniqueIdentifier>
    </Filter>
    <Filter Include="Исходные файлы\Common\Model\CMF">
      <UniqueIdentifier>{0ebc4c00-53f2-4978-bb9c-5622f620d31d}</UniqueIdentifier>
    </Filter>
    <Filter Include="Файлы заголовков\Common\Model\CMF">
      <UniqueIdentifier>{524b940d-759a-45fb-8c5e-39851ee31834}</UniqueIdentifier>
    </Filter>
    <Filter Include="Файлы заголовков\Graphics\Particles\Location">
      <UniqueIdentifier>{2952d58b-de22-4b80-85d7-7ae04a81ce0c}</UniqueIdentifier>
    </Filter>
    <Filter Include="Файлы заголовков\Common\JSON">
      <UniqueIdentifier>{df82eac7-b728-4a53-b28f-fb721ef7d260}</UniqueIdentifier>
    </Filter>
    <Filter Include="Исходные файлы\Common\JSON">
      <UniqueIdentifier>{f4bf5d67-12b4-4dd6-9a0b-7651f9b05765}</UniqueIdentifier>
    </Filter>
    <Filter Include="Исходные файлы\Graphics\Particles\Rotation">
      <UniqueIdentifier>{84f50eda-cfec-490a-95c1-8fa7d8a6ac07}</UniqueIdentifier>
    </Filter>
    <Filter Include="Исходные файлы\Graphics\Particles\SubUV">
      <UniqueIdentifier>{6c51488c-e344-4a64-a2a0-34459e56be9d}</UniqueIdentifier>
    </Filter>
    <Filter Include="Исходные файлы\Graphics\Particles\Lifetime">
      <UniqueIdentifier>{d72784f1-f174-440c-a36f-8c9f2d35f59f}</UniqueIdentifier>
    </Filter>
    <Filter Include="Исходные файлы\Graphics\Particles\Location">
      <UniqueIdentifier>{9bdaf8d3-0bad-454a-bb21-a091c22e6e60}</UniqueIdentifier>
    </Filter>
    <Filter Include="Файлы заголовков\Common\Image\HDR">
      <UniqueIdentifier>{72357a9a-e9b2-4f39-b4bf-9b59eaa2dd5a}</UniqueIdentifier>
    </Filter>
    <Filter Include="Исходные файлы\Common\Image\HDR">
      <UniqueIdentifier>{87e08563-28db-4d2c-aa0e-28b4b8c3ced6}</UniqueIdentifier>
    </Filter>
    <Filter Include="Исходные файлы\Lib\imgui">
      <UniqueIdentifier>{46bd6039-d70d-4301-80b3-fb7a600d06a6}</UniqueIdentifier>
    </Filter>
    <Filter Include="Файлы заголовков\Lib\imgui">
      <UniqueIdentifier>{89a96d96-1c52-4501-a70e-38ec7207b07b}</UniqueIdentifier>
    </Filter>
    <Filter Include="Файлы заголовков\Profiling">
      <UniqueIdentifier>{9921f262-d376-4be4-88f9-85a2635d651a}</UniqueIdentifier>
    </Filter>
    <Filter Include="Исходные файлы\Profiling">
      <UniqueIdentifier>{7e32fb7e-fbcb-4dd9-bb66-e8c3744e6e41}</UniqueIdentifier>
    </Filter>
    <Filter Include="Исходные файлы\Editor">
      <UniqueIdentifier>{ecc555e6-805d-458c-be91-18d717b4f7fe}</UniqueIdentifier>
    </Filter>
    <Filter Include="Файлы заголовков\Editor">
      <UniqueIdentifier>{994247e5-a7cd-4066-9aea-5695a697c79c}</UniqueIdentifier>
    </Filter>
    <Filter Include="Файлы заголовков\Resources">
      <UniqueIdentifier>{2d8b4346-8579-4e0f-81a5-3ec7c4ed0dc4}</UniqueIdentifier>
    </Filter>
    <Filter Include="Файлы заголовков\Lib\imgui\misc">
      <UniqueIdentifier>{199b4a28-67d7-442d-990a-4b95fd02bbba}</UniqueIdentifier>
    </Filter>
    <Filter Include="Файлы заголовков\Lib\imgui\misc\cpp">
      <UniqueIdentifier>{9bdf6cc5-0209-41d9-8b1d-72488c131c3c}</UniqueIdentifier>
    </Filter>
    <Filter Include="Исходные файлы\Lib\imgui\misc">
      <UniqueIdentifier>{5c898344-0e17-4dc3-8f3d-11058f67c05e}</UniqueIdentifier>
    </Filter>
    <Filter Include="Исходные файлы\Lib\imgui\misc\cpp">
      <UniqueIdentifier>{aa2b7a38-b24b-42c1-9a18-6eb4a62e8bb8}</UniqueIdentifier>
    </Filter>
    <Filter Include="Файлы заголовков\Editor\Inspector">
      <UniqueIdentifier>{883d8ad7-9f05-4667-bbdb-53ded1195065}</UniqueIdentifier>
    </Filter>
    <Filter Include="Исходные файлы\Editor\Inspector">
      <UniqueIdentifier>{d7730abb-7601-4d98-af9d-a9b4fb3c72be}</UniqueIdentifier>
    </Filter>
    <Filter Include="Файлы заголовков\Common\Image\EXR">
      <UniqueIdentifier>{65254fbe-9c4f-410c-8573-823fa6d7d7e2}</UniqueIdentifier>
    </Filter>
    <Filter Include="Исходные файлы\Common\Image\EXR">
      <UniqueIdentifier>{175066cb-d51d-4155-939a-65ac9ace2d2e}</UniqueIdentifier>
    </Filter>
  </ItemGroup>
  <ItemGroup>
    <ClInclude Include="Animation\Animation.h">
      <Filter>Файлы заголовков\Animation</Filter>
    </ClInclude>
    <ClInclude Include="Audio\AudioListener.h">
      <Filter>Файлы заголовков\Audio</Filter>
    </ClInclude>
    <ClInclude Include="Audio\AudioMixer.h">
      <Filter>Файлы заголовков\Audio</Filter>
    </ClInclude>
    <ClInclude Include="Audio\AudioPlayer.h">
      <Filter>Файлы заголовков\Audio</Filter>
    </ClInclude>
    <ClInclude Include="Audio\AudioSource.h">
      <Filter>Файлы заголовков\Audio</Filter>
    </ClInclude>
    <ClInclude Include="Audio\AudioSystem.h">
      <Filter>Файлы заголовков\Audio</Filter>
    </ClInclude>
    <ClInclude Include="Common\Cursor\Cursor.h">
      <Filter>Файлы заголовков\Common\Cursor</Filter>
    </ClInclude>
    <ClInclude Include="Common\Noise\OctaveNoise.h">
      <Filter>Файлы заголовков\Common\Noise</Filter>
    </ClInclude>
    <ClInclude Include="Common\Noise\PerlinNoise.h">
      <Filter>Файлы заголовков\Common\Noise</Filter>
    </ClInclude>
    <ClInclude Include="Common\Image\Image.h">
      <Filter>Файлы заголовков\Common\Image</Filter>
    </ClInclude>
    <ClInclude Include="Common\Image\BMP\ImageBMP.h">
      <Filter>Файлы заголовков\Common\Image\BMP</Filter>
    </ClInclude>
    <ClInclude Include="Common\Image\DDS\ImageDDS.h">
      <Filter>Файлы заголовков\Common\Image\DDS</Filter>
    </ClInclude>
    <ClInclude Include="Common\Image\JPG\ImageJPG.h">
      <Filter>Файлы заголовков\Common\Image\JPG</Filter>
    </ClInclude>
    <ClInclude Include="Common\Image\PNG\ImagePNG.h">
      <Filter>Файлы заголовков\Common\Image\PNG</Filter>
    </ClInclude>
    <ClInclude Include="Common\Image\TGA\ImageTGA.h">
      <Filter>Файлы заголовков\Common\Image\TGA</Filter>
    </ClInclude>
    <ClInclude Include="Common\Image\TIF\ImageTIF.h">
      <Filter>Файлы заголовков\Common\Image\TIF</Filter>
    </ClInclude>
    <ClInclude Include="Common\Model\Model.h">
      <Filter>Файлы заголовков\Common\Model</Filter>
    </ClInclude>
    <ClInclude Include="Common\Sound\Sound.h">
      <Filter>Файлы заголовков\Common\Sound</Filter>
    </ClInclude>
    <ClInclude Include="Common\Sound\OGG\SoundOGG.h">
      <Filter>Файлы заголовков\Common\Sound\OGG</Filter>
    </ClInclude>
    <ClInclude Include="Common\Sound\WAV\SoundWAV.h">
      <Filter>Файлы заголовков\Common\Sound\WAV</Filter>
    </ClInclude>
    <ClInclude Include="Graphics\OpenGL\BufferOpenGL.h">
      <Filter>Файлы заголовков\Graphics\OpenGL</Filter>
    </ClInclude>
    <ClInclude Include="Graphics\OpenGL\DeviceOpenGL.h">
      <Filter>Файлы заголовков\Graphics\OpenGL</Filter>
    </ClInclude>
    <ClInclude Include="Graphics\OpenGL\FramebufferOpenGL.h">
      <Filter>Файлы заголовков\Graphics\OpenGL</Filter>
    </ClInclude>
    <ClInclude Include="Graphics\OpenGL\MeshOpenGL.h">
      <Filter>Файлы заголовков\Graphics\OpenGL</Filter>
    </ClInclude>
    <ClInclude Include="Graphics\OpenGL\ShaderOpenGL.h">
      <Filter>Файлы заголовков\Graphics\OpenGL</Filter>
    </ClInclude>
    <ClInclude Include="Graphics\OpenGL\StandartShadersOpenGL.h">
      <Filter>Файлы заголовков\Graphics\OpenGL</Filter>
    </ClInclude>
    <ClInclude Include="Graphics\OpenGL\TextureOpenGL.h">
      <Filter>Файлы заголовков\Graphics\OpenGL</Filter>
    </ClInclude>
    <ClInclude Include="Graphics\OpenGL\WindowOpenGLSDL.h">
      <Filter>Файлы заголовков\Graphics\OpenGL</Filter>
    </ClInclude>
    <ClInclude Include="Graphics\Camera.h">
      <Filter>Файлы заголовков\Graphics</Filter>
    </ClInclude>
    <ClInclude Include="Graphics\Device.h">
      <Filter>Файлы заголовков\Graphics</Filter>
    </ClInclude>
    <ClInclude Include="Graphics\Framebuffer.h">
      <Filter>Файлы заголовков\Graphics</Filter>
    </ClInclude>
    <ClInclude Include="Graphics\Light.h">
      <Filter>Файлы заголовков\Graphics</Filter>
    </ClInclude>
    <ClInclude Include="Graphics\Material.h">
      <Filter>Файлы заголовков\Graphics</Filter>
    </ClInclude>
    <ClInclude Include="Graphics\Mesh.h">
      <Filter>Файлы заголовков\Graphics</Filter>
    </ClInclude>
    <ClInclude Include="Graphics\PostEffect.h">
      <Filter>Файлы заголовков\Graphics</Filter>
    </ClInclude>
    <ClInclude Include="Graphics\Render.h">
      <Filter>Файлы заголовков\Graphics</Filter>
    </ClInclude>
    <ClInclude Include="Graphics\Shader.h">
      <Filter>Файлы заголовков\Graphics</Filter>
    </ClInclude>
    <ClInclude Include="Graphics\ShaderBuilder.h">
      <Filter>Файлы заголовков\Graphics</Filter>
    </ClInclude>
    <ClInclude Include="Graphics\Skybox.h">
      <Filter>Файлы заголовков\Graphics</Filter>
    </ClInclude>
    <ClInclude Include="Graphics\Texture.h">
      <Filter>Файлы заголовков\Graphics</Filter>
    </ClInclude>
    <ClInclude Include="Graphics\UIRender.h">
      <Filter>Файлы заголовков\Graphics</Filter>
    </ClInclude>
    <ClInclude Include="Graphics\Window.h">
      <Filter>Файлы заголовков\Graphics</Filter>
    </ClInclude>
    <ClInclude Include="Graphics\Particles\Acceleration\ParticleModuleAcceleration.h">
      <Filter>Файлы заголовков\Graphics\Particles\Acceleration</Filter>
    </ClInclude>
    <ClInclude Include="Graphics\Particles\Color\ParticleModuleColor.h">
      <Filter>Файлы заголовков\Graphics\Particles\Color</Filter>
    </ClInclude>
    <ClInclude Include="Graphics\Particles\Lifetime\ParticleModuleLifetime.h">
      <Filter>Файлы заголовков\Graphics\Particles\Lifetime</Filter>
    </ClInclude>
    <ClInclude Include="Graphics\Particles\Noise\ParticleModuleNoise.h">
      <Filter>Файлы заголовков\Graphics\Particles\Noise</Filter>
    </ClInclude>
    <ClInclude Include="Graphics\Particles\Rotation\ParticleModuleRotation.h">
      <Filter>Файлы заголовков\Graphics\Particles\Rotation</Filter>
    </ClInclude>
    <ClInclude Include="Graphics\Particles\Size\ParticleModuleSize.h">
      <Filter>Файлы заголовков\Graphics\Particles\Size</Filter>
    </ClInclude>
    <ClInclude Include="Graphics\Particles\SubUV\ParticleModuleSubUV.h">
      <Filter>Файлы заголовков\Graphics\Particles\SubUV</Filter>
    </ClInclude>
    <ClInclude Include="Graphics\Particles\Velocity\ParticleModuleVelocity.h">
      <Filter>Файлы заголовков\Graphics\Particles\Velocity</Filter>
    </ClInclude>
    <ClInclude Include="GUI\Button.h">
      <Filter>Файлы заголовков\GUI</Filter>
    </ClInclude>
    <ClInclude Include="GUI\GUI.h">
      <Filter>Файлы заголовков\GUI</Filter>
    </ClInclude>
    <ClInclude Include="GUI\VirtualInput.h">
      <Filter>Файлы заголовков\GUI</Filter>
    </ClInclude>
    <ClInclude Include="GUI\Widget.h">
      <Filter>Файлы заголовков\GUI</Filter>
    </ClInclude>
    <ClInclude Include="Input\Input.h">
      <Filter>Файлы заголовков\Input</Filter>
    </ClInclude>
    <ClInclude Include="Math\Box.h">
      <Filter>Файлы заголовков\Math</Filter>
    </ClInclude>
    <ClInclude Include="Math\Frustum.h">
      <Filter>Файлы заголовков\Math</Filter>
    </ClInclude>
    <ClInclude Include="Math\InterpolationCurve.h">
      <Filter>Файлы заголовков\Math</Filter>
    </ClInclude>
    <ClInclude Include="Math\MathUtil.h">
      <Filter>Файлы заголовков\Math</Filter>
    </ClInclude>
    <ClInclude Include="Math\Matrix.h">
      <Filter>Файлы заголовков\Math</Filter>
    </ClInclude>
    <ClInclude Include="Math\OBB.h">
      <Filter>Файлы заголовков\Math</Filter>
    </ClInclude>
    <ClInclude Include="Math\Quaternion.h">
      <Filter>Файлы заголовков\Math</Filter>
    </ClInclude>
    <ClInclude Include="Math\Vector2.h">
      <Filter>Файлы заголовков\Math</Filter>
    </ClInclude>
    <ClInclude Include="Math\Vector3.h">
      <Filter>Файлы заголовков\Math</Filter>
    </ClInclude>
    <ClInclude Include="Math\Vector4.h">
      <Filter>Файлы заголовков\Math</Filter>
    </ClInclude>
    <ClInclude Include="Physics\PhysicsShape.h">
      <Filter>Файлы заголовков\Physics</Filter>
    </ClInclude>
    <ClInclude Include="Physics\PhysicsShapeBox.h">
      <Filter>Файлы заголовков\Physics</Filter>
    </ClInclude>
    <ClInclude Include="Physics\PhysicsShapeCapsule.h">
      <Filter>Файлы заголовков\Physics</Filter>
    </ClInclude>
    <ClInclude Include="Physics\PhysicsShapeCompound.h">
      <Filter>Файлы заголовков\Physics</Filter>
    </ClInclude>
    <ClInclude Include="Physics\PhysicsShapeCone.h">
      <Filter>Файлы заголовков\Physics</Filter>
    </ClInclude>
    <ClInclude Include="Physics\PhysicsShapeConvexHull.h">
      <Filter>Файлы заголовков\Physics</Filter>
    </ClInclude>
    <ClInclude Include="Physics\PhysicsShapeCylinder.h">
      <Filter>Файлы заголовков\Physics</Filter>
    </ClInclude>
    <ClInclude Include="Physics\PhysicsShapeMultiSphere.h">
      <Filter>Файлы заголовков\Physics</Filter>
    </ClInclude>
    <ClInclude Include="Physics\PhysicsShapeSphere.h">
      <Filter>Файлы заголовков\Physics</Filter>
    </ClInclude>
    <ClInclude Include="Physics\PhysicsWorld.h">
      <Filter>Файлы заголовков\Physics</Filter>
    </ClInclude>
    <ClInclude Include="Physics\Rigidbody.h">
      <Filter>Файлы заголовков\Physics</Filter>
    </ClInclude>
    <ClInclude Include="RenderAPI\RenderAPI.h">
      <Filter>Файлы заголовков\RenderAPI</Filter>
    </ClInclude>
    <ClInclude Include="RenderAPIOpenGL\OpenGL.h">
      <Filter>Файлы заголовков\RenderAPIOpenGL</Filter>
    </ClInclude>
    <ClInclude Include="Scene\Component.h">
      <Filter>Файлы заголовков\Scene</Filter>
    </ClInclude>
    <ClInclude Include="Scene\ComponentAudioSource.h">
      <Filter>Файлы заголовков\Scene</Filter>
    </ClInclude>
    <ClInclude Include="Scene\ComponentLight.h">
      <Filter>Файлы заголовков\Scene</Filter>
    </ClInclude>
    <ClInclude Include="Scene\ComponentMeshRenderer.h">
      <Filter>Файлы заголовков\Scene</Filter>
    </ClInclude>
    <ClInclude Include="Scene\ComponentParticleSystem.h">
      <Filter>Файлы заголовков\Scene</Filter>
    </ClInclude>
    <ClInclude Include="Scene\ComponentRigidbody.h">
      <Filter>Файлы заголовков\Scene</Filter>
    </ClInclude>
    <ClInclude Include="Scene\GameObject.h">
      <Filter>Файлы заголовков\Scene</Filter>
    </ClInclude>
    <ClInclude Include="Scene\Scene.h">
      <Filter>Файлы заголовков\Scene</Filter>
    </ClInclude>
    <ClInclude Include="Scene\Transform.h">
      <Filter>Файлы заголовков\Scene</Filter>
    </ClInclude>
    <ClInclude Include="System\Assert.h">
      <Filter>Файлы заголовков\System</Filter>
    </ClInclude>
    <ClInclude Include="System\File.h">
      <Filter>Файлы заголовков\System</Filter>
    </ClInclude>
    <ClInclude Include="System\Log.h">
      <Filter>Файлы заголовков\System</Filter>
    </ClInclude>
    <ClInclude Include="System\Serializer.h">
      <Filter>Файлы заголовков\System</Filter>
    </ClInclude>
    <ClInclude Include="System\Timer.h">
      <Filter>Файлы заголовков\System</Filter>
    </ClInclude>
    <ClInclude Include="Core\Core.h">
      <Filter>Файлы заголовков\Core</Filter>
    </ClInclude>
    <ClInclude Include="Core\Random.h">
      <Filter>Файлы заголовков\Core</Filter>
    </ClInclude>
    <ClInclude Include="Core\SmartPointer.h">
      <Filter>Файлы заголовков\Core</Filter>
    </ClInclude>
    <ClInclude Include="Core\Types.h">
      <Filter>Файлы заголовков\Core</Filter>
    </ClInclude>
    <ClInclude Include="Core\Containers\Array.h">
      <Filter>Файлы заголовков\Core\Containers</Filter>
    </ClInclude>
    <ClInclude Include="Core\Containers\String.h">
      <Filter>Файлы заголовков\Core\Containers</Filter>
    </ClInclude>
    <ClInclude Include="Core\Linux\PlatformLinuxClipboard.h">
      <Filter>Файлы заголовков\Core\Linux</Filter>
    </ClInclude>
    <ClInclude Include="Core\Linux\PlatformLinuxFilesystem.h">
      <Filter>Файлы заголовков\Core\Linux</Filter>
    </ClInclude>
    <ClInclude Include="Core\Platform\Platform.h">
      <Filter>Файлы заголовков\Core\Platform</Filter>
    </ClInclude>
    <ClInclude Include="Core\Platform\PlatformClipboard.h">
      <Filter>Файлы заголовков\Core\Platform</Filter>
    </ClInclude>
    <ClInclude Include="Core\Platform\PlatformFilesystem.h">
      <Filter>Файлы заголовков\Core\Platform</Filter>
    </ClInclude>
    <ClInclude Include="Core\Windows\PlatformWindowsClipboard.h">
      <Filter>Файлы заголовков\Core\Windows</Filter>
    </ClInclude>
    <ClInclude Include="Engine.h">
      <Filter>Файлы заголовков</Filter>
    </ClInclude>
    <ClInclude Include="Lib\TinyXML2\tinyxml2.h">
      <Filter>Файлы заголовков\Lib\TinyXML2</Filter>
    </ClInclude>
    <ClInclude Include="Common\Model\CMF\ModelCMF.h">
      <Filter>Файлы заголовков\Common\Model\CMF</Filter>
    </ClInclude>
    <ClInclude Include="Graphics\ScreenQuad.h">
      <Filter>Файлы заголовков\Graphics</Filter>
    </ClInclude>
    <ClInclude Include="Core\Windows\PlatformWindowsFilesystem.h">
      <Filter>Файлы заголовков\Core\Windows</Filter>
    </ClInclude>
    <ClInclude Include="Common\JSON\JSON.h">
      <Filter>Файлы заголовков\Common\JSON</Filter>
    </ClInclude>
    <ClInclude Include="Core\Containers\Vector.h">
      <Filter>Файлы заголовков\Core\Containers</Filter>
    </ClInclude>
    <ClInclude Include="Graphics\RenderState.h">
      <Filter>Файлы заголовков\Graphics</Filter>
    </ClInclude>
    <ClInclude Include="Graphics\Particles\ParticleEmitterCPU.h">
      <Filter>Файлы заголовков\Graphics\Particles</Filter>
    </ClInclude>
    <ClInclude Include="Graphics\Particles\ParticleContainer.h">
      <Filter>Файлы заголовков\Graphics\Particles</Filter>
    </ClInclude>
    <ClInclude Include="Graphics\Particles\Location\ParticleModuleLocation.h">
      <Filter>Файлы заголовков\Graphics\Particles\Location</Filter>
    </ClInclude>
    <ClInclude Include="Graphics\ParticlesRenderer.h">
      <Filter>Файлы заголовков\Graphics</Filter>
    </ClInclude>
    <ClInclude Include="Graphics\Particles\ParticleEmitterLoader.h">
      <Filter>Файлы заголовков\Graphics\Particles</Filter>
    </ClInclude>
    <ClInclude Include="Common\Image\HDR\ImageHDR.h">
      <Filter>Файлы заголовков\Common\Image\HDR</Filter>
    </ClInclude>
    <ClInclude Include="Lib\imgui\examples\imgui_impl_opengl3.h">
      <Filter>Файлы заголовков\Lib\imgui</Filter>
    </ClInclude>
    <ClInclude Include="Lib\imgui\examples\imgui_impl_sdl.h">
      <Filter>Файлы заголовков\Lib\imgui</Filter>
    </ClInclude>
    <ClInclude Include="Lib\imgui\imconfig.h">
      <Filter>Файлы заголовков\Lib\imgui</Filter>
    </ClInclude>
    <ClInclude Include="Lib\imgui\imgui.h">
      <Filter>Файлы заголовков\Lib\imgui</Filter>
    </ClInclude>
    <ClInclude Include="Lib\imgui\imgui_internal.h">
      <Filter>Файлы заголовков\Lib\imgui</Filter>
    </ClInclude>
    <ClInclude Include="Profiling\Profiling.h">
      <Filter>Файлы заголовков\Profiling</Filter>
    </ClInclude>
    <ClInclude Include="Resources\ResourceManager.h">
      <Filter>Файлы заголовков\Resources</Filter>
    </ClInclude>
    <ClInclude Include="Editor\Editor.h">
      <Filter>Файлы заголовков\Editor</Filter>
    </ClInclude>
    <ClInclude Include="Editor\FileDialog.h">
      <Filter>Файлы заголовков\Editor</Filter>
    </ClInclude>
    <ClInclude Include="Editor\FontAwesome.h">
      <Filter>Файлы заголовков\Editor</Filter>
    </ClInclude>
    <ClInclude Include="Editor\MessageBox.h">
      <Filter>Файлы заголовков\Editor</Filter>
    </ClInclude>
    <ClInclude Include="Editor\Panel.h">
      <Filter>Файлы заголовков\Editor</Filter>
    </ClInclude>
    <ClInclude Include="Editor\PanelHierarchy.h">
      <Filter>Файлы заголовков\Editor</Filter>
    </ClInclude>
    <ClInclude Include="Editor\PanelProfiler.h">
      <Filter>Файлы заголовков\Editor</Filter>
    </ClInclude>
    <ClInclude Include="Editor\PanelRenderSettings.h">
      <Filter>Файлы заголовков\Editor</Filter>
    </ClInclude>
    <ClInclude Include="Editor\PanelScene.h">
      <Filter>Файлы заголовков\Editor</Filter>
    </ClInclude>
    <ClInclude Include="Editor\ResourcesViewerFunctions.h">
      <Filter>Файлы заголовков\Editor</Filter>
    </ClInclude>
    <ClInclude Include="Editor\ResourcesViewerMesh.h">
      <Filter>Файлы заголовков\Editor</Filter>
    </ClInclude>
    <ClInclude Include="Editor\ResourcesViewerShader.h">
      <Filter>Файлы заголовков\Editor</Filter>
    </ClInclude>
    <ClInclude Include="Editor\ResourcesViewerTexture.h">
      <Filter>Файлы заголовков\Editor</Filter>
    </ClInclude>
    <ClInclude Include="Lib\imgui\misc\cpp\imgui_stdlib.h">
      <Filter>Файлы заголовков\Lib\imgui\misc\cpp</Filter>
    </ClInclude>
    <ClInclude Include="Input\Events.h">
      <Filter>Файлы заголовков\Input</Filter>
    </ClInclude>
    <ClInclude Include="Input\EventSystem.h">
      <Filter>Файлы заголовков\Input</Filter>
    </ClInclude>
    <ClInclude Include="Editor\Inspector\PanelInspector.h">
      <Filter>Файлы заголовков\Editor\Inspector</Filter>
    </ClInclude>
    <ClInclude Include="Common\Image\EXR\ImageEXR.h">
      <Filter>Файлы заголовков\Common\Image\EXR</Filter>
    </ClInclude>
  </ItemGroup>
  <ItemGroup>
    <ClCompile Include="Audio\AudioMixer.cpp">
      <Filter>Исходные файлы\Audio</Filter>
    </ClCompile>
    <ClCompile Include="Audio\AudioSource.cpp">
      <Filter>Исходные файлы\Audio</Filter>
    </ClCompile>
    <ClCompile Include="Audio\AudioSystem.cpp">
      <Filter>Исходные файлы\Audio</Filter>
    </ClCompile>
    <ClCompile Include="Input\Input.cpp">
      <Filter>Исходные файлы\Input</Filter>
    </ClCompile>
    <ClCompile Include="Physics\PhysicsWorld.cpp">
      <Filter>Исходные файлы\Physics</Filter>
    </ClCompile>
    <ClCompile Include="Physics\Rigidbody.cpp">
      <Filter>Исходные файлы\Physics</Filter>
    </ClCompile>
    <ClCompile Include="RenderAPIOpenGL\OpenGL.cpp">
      <Filter>Исходные файлы\RenderAPIOpenGL</Filter>
    </ClCompile>
    <ClCompile Include="Scene\GameObject.cpp">
      <Filter>Исходные файлы\Scene</Filter>
    </ClCompile>
    <ClCompile Include="Scene\Scene.cpp">
      <Filter>Исходные файлы\Scene</Filter>
    </ClCompile>
    <ClCompile Include="Scene\Transform.cpp">
      <Filter>Исходные файлы\Scene</Filter>
    </ClCompile>
    <ClCompile Include="System\File.cpp">
      <Filter>Исходные файлы\System</Filter>
    </ClCompile>
    <ClCompile Include="System\Log.cpp">
      <Filter>Исходные файлы\System</Filter>
    </ClCompile>
    <ClCompile Include="System\Serializer.cpp">
      <Filter>Исходные файлы\System</Filter>
    </ClCompile>
    <ClCompile Include="GUI\Button.cpp">
      <Filter>Исходные файлы\GUI</Filter>
    </ClCompile>
    <ClCompile Include="Graphics\Camera.cpp">
      <Filter>Исходные файлы\Graphics</Filter>
    </ClCompile>
    <ClCompile Include="Graphics\Device.cpp">
      <Filter>Исходные файлы\Graphics</Filter>
    </ClCompile>
    <ClCompile Include="Graphics\Light.cpp">
      <Filter>Исходные файлы\Graphics</Filter>
    </ClCompile>
    <ClCompile Include="Graphics\Material.cpp">
      <Filter>Исходные файлы\Graphics</Filter>
    </ClCompile>
    <ClCompile Include="Graphics\Render.cpp">
      <Filter>Исходные файлы\Graphics</Filter>
    </ClCompile>
    <ClCompile Include="Graphics\ShaderBuilder.cpp">
      <Filter>Исходные файлы\Graphics</Filter>
    </ClCompile>
    <ClCompile Include="Graphics\Skybox.cpp">
      <Filter>Исходные файлы\Graphics</Filter>
    </ClCompile>
    <ClCompile Include="Graphics\OpenGL\BufferOpenGL.cpp">
      <Filter>Исходные файлы\Graphics\OpenGL</Filter>
    </ClCompile>
    <ClCompile Include="Graphics\OpenGL\DeviceOpenGL.cpp">
      <Filter>Исходные файлы\Graphics\OpenGL</Filter>
    </ClCompile>
    <ClCompile Include="Graphics\OpenGL\FramebufferOpenGL.cpp">
      <Filter>Исходные файлы\Graphics\OpenGL</Filter>
    </ClCompile>
    <ClCompile Include="Graphics\OpenGL\MeshOpenGL.cpp">
      <Filter>Исходные файлы\Graphics\OpenGL</Filter>
    </ClCompile>
    <ClCompile Include="Graphics\OpenGL\ShaderOpenGL.cpp">
      <Filter>Исходные файлы\Graphics\OpenGL</Filter>
    </ClCompile>
    <ClCompile Include="Graphics\OpenGL\TextureOpenGL.cpp">
      <Filter>Исходные файлы\Graphics\OpenGL</Filter>
    </ClCompile>
    <ClCompile Include="Graphics\OpenGL\WindowOpenGLSDL.cpp">
      <Filter>Исходные файлы\Graphics\OpenGL</Filter>
    </ClCompile>
    <ClCompile Include="Core\Platform\PlatformClipboard.cpp">
      <Filter>Исходные файлы\Core\Platform</Filter>
    </ClCompile>
    <ClCompile Include="Core\Platform\PlatformFilesystem.cpp">
      <Filter>Исходные файлы\Core\Platform</Filter>
    </ClCompile>
    <ClCompile Include="Core\Windows\PlatformWindowsClipboard.cpp">
      <Filter>Исходные файлы\Core\Windows</Filter>
    </ClCompile>
    <ClCompile Include="Common\Model\Model.cpp">
      <Filter>Исходные файлы\Common\Model</Filter>
    </ClCompile>
    <ClCompile Include="Common\Sound\Sound.cpp">
      <Filter>Исходные файлы\Common\Sound</Filter>
    </ClCompile>
    <ClCompile Include="Common\Sound\MP3\SoundMP3.cpp">
      <Filter>Исходные файлы\Common\Sound\MP3</Filter>
    </ClCompile>
    <ClCompile Include="Common\Sound\OGG\SoundOGG.cpp">
      <Filter>Исходные файлы\Common\Sound\OGG</Filter>
    </ClCompile>
    <ClCompile Include="Common\Sound\WAV\SoundWAV.cpp">
      <Filter>Исходные файлы\Common\Sound\WAV</Filter>
    </ClCompile>
    <ClCompile Include="Common\Image\Image.cpp">
      <Filter>Исходные файлы\Common\Image</Filter>
    </ClCompile>
    <ClCompile Include="Common\Image\BMP\ImageBMP.cpp">
      <Filter>Исходные файлы\Common\Image\BMP</Filter>
    </ClCompile>
    <ClCompile Include="Common\Image\DDS\ImageDDS.cpp">
      <Filter>Исходные файлы\Common\Image\DDS</Filter>
    </ClCompile>
    <ClCompile Include="Common\Image\JPG\ImageJPG.cpp">
      <Filter>Исходные файлы\Common\Image\JPG</Filter>
    </ClCompile>
    <ClCompile Include="Common\Image\PNG\ImagePNG.cpp">
      <Filter>Исходные файлы\Common\Image\PNG</Filter>
    </ClCompile>
    <ClCompile Include="Common\Image\TGA\ImageTGA.cpp">
      <Filter>Исходные файлы\Common\Image\TGA</Filter>
    </ClCompile>
    <ClCompile Include="Common\Image\TIF\ImageTIF.cpp">
      <Filter>Исходные файлы\Common\Image\TIF</Filter>
    </ClCompile>
    <ClCompile Include="main.cpp">
      <Filter>Исходные файлы</Filter>
    </ClCompile>
    <ClCompile Include="Lib\TinyXML2\tinyxml2.cpp">
      <Filter>Исходные файлы\Lib\TinyXML2</Filter>
    </ClCompile>
    <ClCompile Include="Common\Model\CMF\ModelCMF.cpp">
      <Filter>Исходные файлы\Common\Model\CMF</Filter>
    </ClCompile>
    <ClCompile Include="Core\Windows\PlatformWindowsFilesystem.cpp">
      <Filter>Исходные файлы\Core\Windows</Filter>
    </ClCompile>
    <ClCompile Include="Audio\AudioPlayer.cpp">
      <Filter>Исходные файлы\Audio</Filter>
    </ClCompile>
    <ClCompile Include="Common\JSON\JSON.cpp">
      <Filter>Исходные файлы\Common\JSON</Filter>
    </ClCompile>
    <ClCompile Include="Graphics\RenderState.cpp">
      <Filter>Исходные файлы\Graphics</Filter>
    </ClCompile>
    <ClCompile Include="Graphics\Particles\ParticleEmitterCPU.cpp">
      <Filter>Исходные файлы\Graphics\Particles</Filter>
    </ClCompile>
    <ClCompile Include="Graphics\ParticlesRenderer.cpp">
      <Filter>Исходные файлы\Graphics</Filter>
    </ClCompile>
    <ClCompile Include="Graphics\Particles\ParticleEmitterLoader.cpp">
      <Filter>Исходные файлы\Graphics\Particles</Filter>
    </ClCompile>
    <ClCompile Include="Graphics\Particles\Rotation\ParticleModuleRotation.cpp">
      <Filter>Исходные файлы\Graphics\Particles\Rotation</Filter>
    </ClCompile>
    <ClCompile Include="Graphics\Particles\Lifetime\ParticleModuleLifetime.cpp">
      <Filter>Исходные файлы\Graphics\Particles\Lifetime</Filter>
    </ClCompile>
    <ClCompile Include="Graphics\Particles\SubUV\ParticleModuleSubUV.cpp">
      <Filter>Исходные файлы\Graphics\Particles\SubUV</Filter>
    </ClCompile>
    <ClCompile Include="Graphics\Particles\Location\ParticleModuleLocation.cpp">
      <Filter>Исходные файлы\Graphics\Particles\Location</Filter>
    </ClCompile>
    <ClCompile Include="Common\Image\HDR\ImageHDR.cpp">
      <Filter>Исходные файлы\Common\Image\HDR</Filter>
    </ClCompile>
    <ClCompile Include="Lib\imgui\imgui.cpp">
      <Filter>Исходные файлы\Lib\imgui</Filter>
    </ClCompile>
    <ClCompile Include="Lib\imgui\imgui_draw.cpp">
      <Filter>Исходные файлы\Lib\imgui</Filter>
    </ClCompile>
    <ClCompile Include="Lib\imgui\imgui_widgets.cpp">
      <Filter>Исходные файлы\Lib\imgui</Filter>
    </ClCompile>
    <ClCompile Include="Lib\imgui\examples\imgui_impl_opengl3.cpp">
      <Filter>Исходные файлы\Lib\imgui</Filter>
    </ClCompile>
    <ClCompile Include="Lib\imgui\examples\imgui_impl_sdl.cpp">
      <Filter>Исходные файлы\Lib\imgui</Filter>
    </ClCompile>
    <ClCompile Include="Lib\imgui\imgui_demo.cpp">
      <Filter>Исходные файлы\Lib\imgui</Filter>
    </ClCompile>
    <ClCompile Include="Profiling\Profiling.cpp">
      <Filter>Исходные файлы\Profiling</Filter>
    </ClCompile>
    <ClCompile Include="Editor\Editor.cpp">
      <Filter>Исходные файлы\Editor</Filter>
    </ClCompile>
    <ClCompile Include="Editor\FileDialog.cpp">
      <Filter>Исходные файлы\Editor</Filter>
    </ClCompile>
    <ClCompile Include="Editor\MessageBox.cpp">
      <Filter>Исходные файлы\Editor</Filter>
    </ClCompile>
    <ClCompile Include="Editor\Panel.cpp">
      <Filter>Исходные файлы\Editor</Filter>
    </ClCompile>
    <ClCompile Include="Editor\PanelHierarchy.cpp">
      <Filter>Исходные файлы\Editor</Filter>
    </ClCompile>
    <ClCompile Include="Editor\PanelProfiler.cpp">
      <Filter>Исходные файлы\Editor</Filter>
    </ClCompile>
    <ClCompile Include="Editor\PanelRenderSettings.cpp">
      <Filter>Исходные файлы\Editor</Filter>
    </ClCompile>
    <ClCompile Include="Editor\PanelScene.cpp">
      <Filter>Исходные файлы\Editor</Filter>
    </ClCompile>
    <ClCompile Include="Editor\ResourcesViewerMesh.cpp">
      <Filter>Исходные файлы\Editor</Filter>
    </ClCompile>
    <ClCompile Include="Editor\ResourcesViewerShader.cpp">
      <Filter>Исходные файлы\Editor</Filter>
    </ClCompile>
    <ClCompile Include="Editor\ResourcesViewerTexture.cpp">
      <Filter>Исходные файлы\Editor</Filter>
    </ClCompile>
    <ClCompile Include="Lib\imgui\misc\cpp\imgui_stdlib.cpp">
      <Filter>Исходные файлы\Lib\imgui\misc\cpp</Filter>
    </ClCompile>
    <ClCompile Include="Graphics\Shader.cpp">
      <Filter>Исходные файлы\Graphics</Filter>
    </ClCompile>
    <ClCompile Include="Graphics\Texture.cpp">
      <Filter>Исходные файлы\Graphics</Filter>
    </ClCompile>
    <ClCompile Include="Input\EventSystem.cpp">
      <Filter>Исходные файлы\Input</Filter>
    </ClCompile>
    <ClCompile Include="Editor\Inspector\ComponentAudioEditor.cpp">
      <Filter>Исходные файлы\Editor\Inspector</Filter>
    </ClCompile>
    <ClCompile Include="Editor\Inspector\ComponentLightEditor.cpp">
      <Filter>Исходные файлы\Editor\Inspector</Filter>
    </ClCompile>
    <ClCompile Include="Editor\Inspector\ComponentMeshRendererEditor.cpp">
      <Filter>Исходные файлы\Editor\Inspector</Filter>
    </ClCompile>
    <ClCompile Include="Editor\Inspector\ComponentParticleSystemEditor.cpp">
      <Filter>Исходные файлы\Editor\Inspector</Filter>
    </ClCompile>
    <ClCompile Include="Editor\Inspector\ComponentRigidbodyEditor.cpp">
      <Filter>Исходные файлы\Editor\Inspector</Filter>
    </ClCompile>
    <ClCompile Include="Editor\Inspector\PanelInspector.cpp">
      <Filter>Исходные файлы\Editor\Inspector</Filter>
    </ClCompile>
    <ClCompile Include="Editor\Inspector\TransformMaterialEditor.cpp">
      <Filter>Исходные файлы\Editor\Inspector</Filter>
    </ClCompile>
    <ClCompile Include="Common\Image\EXR\ImageEXR.cpp">
      <Filter>Исходные файлы\Common\Image\EXR</Filter>
    </ClCompile>
  </ItemGroup>
</Project>